{
  "originHash" : "555e5ca6668f159898a176284794726029a954dcd7af1ee0f3debb84a17f5065",
  "pins" : [
    {
      "identity" : "swift-subprocess",
      "kind" : "remoteSourceControl",
      "location" : "https://github.com/swiftlang/swift-subprocess",
      "state" : {
        "revision" : "b3937ab85dd32f6e9435914599c1519074769c1a",
        "version" : "1.0.0"
      }
    },
    {
      "identity" : "swift-system",
      "kind" : "remoteSourceControl",
      "location" : "https://github.com/apple/swift-system",
      "state" : {
        "revision" : "869129b7bf4ecc57b97d0193ad29690ca2134750",
        "version" : "1.8.1"
      }
    },
    {
      "identity" : "swiftdatavalidator",
      "kind" : "remoteSourceControl",
      "location" : "https://github.com/joelklabo/SwiftDataValidator",
      "state" : {
        "revision" : "f9b5711d3cf6c289bdd878951bb3e0262261cfcc",
        "version" : "1.0.0"
      }
    }
  ],
  "version" : 3
}
